# This file is automatically @generated by Cargo.
# It is not intended for manual editing.
version = 4

[[package]]
name = "bitflags"
version = "2.5.0"
source = "registry+https://github.com/rust-lang/crates.io-index"
checksum = "cf4b9d6a944f767f8e5e0db018570623c85f3d925ac718db4e06d0187adb21c1"

[[package]]
name = "hello_world"
version = "0.1.0"
dependencies = [
 "bitflags",
 "wit-bindgen-rt",
]

[[package]]
name = "wit-bindgen-rt"
version = "0.43.0"
source = "registry+https://github.com/rust-lang/crates.io-index"
checksum = "9fd734226eac1fd7c450956964e3a9094c9cee65e9dafdf126feef8c0096db65"
